// !$*UTF8*$!
{
	archiveVersion = 1;
	classes = {
	};
	objectVersion = 50;
	objects = {

/* Begin PBXBuildFile section */
		E8040BC1239B61BA00E4DABF /* DetailList.swift in Sources */ = {isa = PBXBuildFile; fileRef = E8040BC0239B61BA00E4DABF /* DetailList.swift */; };
		E842DB6023B2E0880022FD06 /* StateSampleView.swift in Sources */ = {isa = PBXBuildFile; fileRef = E842DB5F23B2E0880022FD06 /* StateSampleView.swift */; };
		E8542C49238F4B0000CCE188 /* ZStackSample.swift in Sources */ = {isa = PBXBuildFile; fileRef = E8542C48238F4B0000CCE188 /* ZStackSample.swift */; };
		E8542C4B238F4B7000CCE188 /* ListViewSample.swift in Sources */ = {isa = PBXBuildFile; fileRef = E8542C4A238F4B7000CCE188 /* ListViewSample.swift */; };
		E8542C4D238F53A200CCE188 /* DetailView.swift in Sources */ = {isa = PBXBuildFile; fileRef = E8542C4C238F53A200CCE188 /* DetailView.swift */; };
		E889FF132388F38200FEBC2D /* AppDelegate.swift in Sources */ = {isa = PBXBuildFile; fileRef = E889FF122388F38200FEBC2D /* AppDelegate.swift */; };
		E889FF152388F38200FEBC2D /* SceneDelegate.swift in Sources */ = {isa = PBXBuildFile; fileRef = E889FF142388F38200FEBC2D /* SceneDelegate.swift */; };
		E889FF192388F38500FEBC2D /* Assets.xcassets in Resources */ = {isa = PBXBuildFile; fileRef = E889FF182388F38500FEBC2D /* Assets.xcassets */; };
		E889FF1C2388F38500FEBC2D /* Preview Assets.xcassets in Resources */ = {isa = PBXBuildFile; fileRef = E889FF1B2388F38500FEBC2D /* Preview Assets.xcassets */; };
		E889FF1F2388F38500FEBC2D /* LaunchScreen.storyboard in Resources */ = {isa = PBXBuildFile; fileRef = E889FF1D2388F38500FEBC2D /* LaunchScreen.storyboard */; };
		E889FF2A2388F38600FEBC2D /* swiftui_sampleTests.swift in Sources */ = {isa = PBXBuildFile; fileRef = E889FF292388F38600FEBC2D /* swiftui_sampleTests.swift */; };
		E889FF352388F38600FEBC2D /* swiftui_sampleUITests.swift in Sources */ = {isa = PBXBuildFile; fileRef = E889FF342388F38600FEBC2D /* swiftui_sampleUITests.swift */; };
		E8933B0E239B40C400343AD5 /* ToggleSampleView.swift in Sources */ = {isa = PBXBuildFile; fileRef = E8933B0D239B40C400343AD5 /* ToggleSampleView.swift */; };
		E8933B12239B572300343AD5 /* Detail.swift in Sources */ = {isa = PBXBuildFile; fileRef = E8933B11239B572300343AD5 /* Detail.swift */; };
		E8933B14239B574500343AD5 /* ToggleSampleModel.swift in Sources */ = {isa = PBXBuildFile; fileRef = E8933B13239B574500343AD5 /* ToggleSampleModel.swift */; };
		E8F6C0CF23A3010C00260773 /* DataTests.swift in Sources */ = {isa = PBXBuildFile; fileRef = E8F6C0CE23A3010C00260773 /* DataTests.swift */; };
		E8F6C0D223A3016500260773 /* DetailPresenter.swift in Sources */ = {isa = PBXBuildFile; fileRef = E8F6C0D123A3016500260773 /* DetailPresenter.swift */; };
		E8F6C0D323A31AF200260773 /* DetailView.swift in Sources */ = {isa = PBXBuildFile; fileRef = E8542C4C238F53A200CCE188 /* DetailView.swift */; };
		E8F6C0D423A31B1E00260773 /* DetailPresenter.swift in Sources */ = {isa = PBXBuildFile; fileRef = E8F6C0D123A3016500260773 /* DetailPresenter.swift */; };
		E8F6C0D623A31B3500260773 /* DetailList.swift in Sources */ = {isa = PBXBuildFile; fileRef = E8040BC0239B61BA00E4DABF /* DetailList.swift */; };
		E8F6C0D823A31B4800260773 /* Detail.swift in Sources */ = {isa = PBXBuildFile; fileRef = E8933B11239B572300343AD5 /* Detail.swift */; };
		E8FA43E723A6FC0F00D79FB8 /* ObservableSampleView.swift in Sources */ = {isa = PBXBuildFile; fileRef = E8FA43E623A6FC0F00D79FB8 /* ObservableSampleView.swift */; };
		E8FA43E923A6FD5600D79FB8 /* ObservableModel.swift in Sources */ = {isa = PBXBuildFile; fileRef = E8FA43E823A6FD5600D79FB8 /* ObservableModel.swift */; };
		E8FA43EB23A6FE8700D79FB8 /* ObservableModelTests.swift in Sources */ = {isa = PBXBuildFile; fileRef = E8FA43EA23A6FE8700D79FB8 /* ObservableModelTests.swift */; };
		E8FA43EC23A6FE9900D79FB8 /* ObservableModel.swift in Sources */ = {isa = PBXBuildFile; fileRef = E8FA43E823A6FD5600D79FB8 /* ObservableModel.swift */; };
		E8FA43EE23A710B500D79FB8 /* SampleListView.swift in Sources */ = {isa = PBXBuildFile; fileRef = E8FA43ED23A710B500D79FB8 /* SampleListView.swift */; };
		E8FA43F423A7907800D79FB8 /* DetailPresenterImpl.swift in Sources */ = {isa = PBXBuildFile; fileRef = E8FA43F323A7907800D79FB8 /* DetailPresenterImpl.swift */; };
		E8FA43F523A790BB00D79FB8 /* DetailPresenterImpl.swift in Sources */ = {isa = PBXBuildFile; fileRef = E8FA43F323A7907800D79FB8 /* DetailPresenterImpl.swift */; };
		E8FA43F723A7910A00D79FB8 /* ObservableSamplePresenter.swift in Sources */ = {isa = PBXBuildFile; fileRef = E8FA43F623A7910A00D79FB8 /* ObservableSamplePresenter.swift */; };
		E8FA43F923A7915000D79FB8 /* ObservableSamplePresenterImpl.swift in Sources */ = {isa = PBXBuildFile; fileRef = E8FA43F823A7915000D79FB8 /* ObservableSamplePresenterImpl.swift */; };
		E8FA43FD23A791A900D79FB8 /* ObservableSamplePresenterTests.swift in Sources */ = {isa = PBXBuildFile; fileRef = E8FA43FC23A791A900D79FB8 /* ObservableSamplePresenterTests.swift */; };
		E8FA43FE23A793AB00D79FB8 /* ObservableSamplePresenter.swift in Sources */ = {isa = PBXBuildFile; fileRef = E8FA43F623A7910A00D79FB8 /* ObservableSamplePresenter.swift */; };
		E8FA43FF23A793B200D79FB8 /* ObservableSamplePresenterImpl.swift in Sources */ = {isa = PBXBuildFile; fileRef = E8FA43F823A7915000D79FB8 /* ObservableSamplePresenterImpl.swift */; };
/* End PBXBuildFile section */

/* Begin PBXContainerItemProxy section */
		E889FF262388F38600FEBC2D /* PBXContainerItemProxy */ = {
			isa = PBXContainerItemProxy;
			containerPortal = E889FF072388F38200FEBC2D /* Project object */;
			proxyType = 1;
			remoteGlobalIDString = E889FF0E2388F38200FEBC2D;
			remoteInfo = "swiftui-sample";
		};
		E889FF312388F38600FEBC2D /* PBXContainerItemProxy */ = {
			isa = PBXContainerItemProxy;
			containerPortal = E889FF072388F38200FEBC2D /* Project object */;
			proxyType = 1;
			remoteGlobalIDString = E889FF0E2388F38200FEBC2D;
			remoteInfo = "swiftui-sample";
		};
/* End PBXContainerItemProxy section */

/* Begin PBXFileReference section */
		E8040BC0239B61BA00E4DABF /* DetailList.swift */ = {isa = PBXFileReference; lastKnownFileType = sourcecode.swift; path = DetailList.swift; sourceTree = "<group>"; };
		E842DB5F23B2E0880022FD06 /* StateSampleView.swift */ = {isa = PBXFileReference; lastKnownFileType = sourcecode.swift; path = StateSampleView.swift; sourceTree = "<group>"; };
		E8542C48238F4B0000CCE188 /* ZStackSample.swift */ = {isa = PBXFileReference; lastKnownFileType = sourcecode.swift; path = ZStackSample.swift; sourceTree = "<group>"; };
		E8542C4A238F4B7000CCE188 /* ListViewSample.swift */ = {isa = PBXFileReference; lastKnownFileType = sourcecode.swift; path = ListViewSample.swift; sourceTree = "<group>"; };
		E8542C4C238F53A200CCE188 /* DetailView.swift */ = {isa = PBXFileReference; lastKnownFileType = sourcecode.swift; path = DetailView.swift; sourceTree = "<group>"; };
		E889FF0F2388F38200FEBC2D /* swiftui-sample.app */ = {isa = PBXFileReference; explicitFileType = wrapper.application; includeInIndex = 0; path = "swiftui-sample.app"; sourceTree = BUILT_PRODUCTS_DIR; };
		E889FF122388F38200FEBC2D /* AppDelegate.swift */ = {isa = PBXFileReference; lastKnownFileType = sourcecode.swift; path = AppDelegate.swift; sourceTree = "<group>"; };
		E889FF142388F38200FEBC2D /* SceneDelegate.swift */ = {isa = PBXFileReference; lastKnownFileType = sourcecode.swift; path = SceneDelegate.swift; sourceTree = "<group>"; };
		E889FF182388F38500FEBC2D /* Assets.xcassets */ = {isa = PBXFileReference; lastKnownFileType = folder.assetcatalog; path = Assets.xcassets; sourceTree = "<group>"; };
		E889FF1B2388F38500FEBC2D /* Preview Assets.xcassets */ = {isa = PBXFileReference; lastKnownFileType = folder.assetcatalog; path = "Preview Assets.xcassets"; sourceTree = "<group>"; };
		E889FF1E2388F38500FEBC2D /* Base */ = {isa = PBXFileReference; lastKnownFileType = file.storyboard; name = Base; path = Base.lproj/LaunchScreen.storyboard; sourceTree = "<group>"; };
		E889FF202388F38500FEBC2D /* Info.plist */ = {isa = PBXFileReference; lastKnownFileType = text.plist.xml; path = Info.plist; sourceTree = "<group>"; };
		E889FF252388F38600FEBC2D /* swiftui-sampleTests.xctest */ = {isa = PBXFileReference; explicitFileType = wrapper.cfbundle; includeInIndex = 0; path = "swiftui-sampleTests.xctest"; sourceTree = BUILT_PRODUCTS_DIR; };
		E889FF292388F38600FEBC2D /* swiftui_sampleTests.swift */ = {isa = PBXFileReference; lastKnownFileType = sourcecode.swift; path = swiftui_sampleTests.swift; sourceTree = "<group>"; };
		E889FF2B2388F38600FEBC2D /* Info.plist */ = {isa = PBXFileReference; lastKnownFileType = text.plist.xml; path = Info.plist; sourceTree = "<group>"; };
		E889FF302388F38600FEBC2D /* swiftui-sampleUITests.xctest */ = {isa = PBXFileReference; explicitFileType = wrapper.cfbundle; includeInIndex = 0; path = "swiftui-sampleUITests.xctest"; sourceTree = BUILT_PRODUCTS_DIR; };
		E889FF342388F38600FEBC2D /* swiftui_sampleUITests.swift */ = {isa = PBXFileReference; lastKnownFileType = sourcecode.swift; path = swiftui_sampleUITests.swift; sourceTree = "<group>"; };
		E889FF362388F38600FEBC2D /* Info.plist */ = {isa = PBXFileReference; lastKnownFileType = text.plist.xml; path = Info.plist; sourceTree = "<group>"; };
		E8933B0D239B40C400343AD5 /* ToggleSampleView.swift */ = {isa = PBXFileReference; lastKnownFileType = sourcecode.swift; path = ToggleSampleView.swift; sourceTree = "<group>"; };
		E8933B11239B572300343AD5 /* Detail.swift */ = {isa = PBXFileReference; lastKnownFileType = sourcecode.swift; path = Detail.swift; sourceTree = "<group>"; };
		E8933B13239B574500343AD5 /* ToggleSampleModel.swift */ = {isa = PBXFileReference; lastKnownFileType = sourcecode.swift; path = ToggleSampleModel.swift; sourceTree = "<group>"; };
		E8F6C0CE23A3010C00260773 /* DataTests.swift */ = {isa = PBXFileReference; lastKnownFileType = sourcecode.swift; path = DataTests.swift; sourceTree = "<group>"; };
		E8F6C0D123A3016500260773 /* DetailPresenter.swift */ = {isa = PBXFileReference; lastKnownFileType = sourcecode.swift; path = DetailPresenter.swift; sourceTree = "<group>"; };
		E8FA43E623A6FC0F00D79FB8 /* ObservableSampleView.swift */ = {isa = PBXFileReference; lastKnownFileType = sourcecode.swift; path = ObservableSampleView.swift; sourceTree = "<group>"; };
		E8FA43E823A6FD5600D79FB8 /* ObservableModel.swift */ = {isa = PBXFileReference; lastKnownFileType = sourcecode.swift; path = ObservableModel.swift; sourceTree = "<group>"; };
		E8FA43EA23A6FE8700D79FB8 /* ObservableModelTests.swift */ = {isa = PBXFileReference; lastKnownFileType = sourcecode.swift; path = ObservableModelTests.swift; sourceTree = "<group>"; };
		E8FA43ED23A710B500D79FB8 /* SampleListView.swift */ = {isa = PBXFileReference; lastKnownFileType = sourcecode.swift; path = SampleListView.swift; sourceTree = "<group>"; };
		E8FA43F323A7907800D79FB8 /* DetailPresenterImpl.swift */ = {isa = PBXFileReference; lastKnownFileType = sourcecode.swift; path = DetailPresenterImpl.swift; sourceTree = "<group>"; };
		E8FA43F623A7910A00D79FB8 /* ObservableSamplePresenter.swift */ = {isa = PBXFileReference; lastKnownFileType = sourcecode.swift; path = ObservableSamplePresenter.swift; sourceTree = "<group>"; };
		E8FA43F823A7915000D79FB8 /* ObservableSamplePresenterImpl.swift */ = {isa = PBXFileReference; lastKnownFileType = sourcecode.swift; path = ObservableSamplePresenterImpl.swift; sourceTree = "<group>"; };
		E8FA43FC23A791A900D79FB8 /* ObservableSamplePresenterTests.swift */ = {isa = PBXFileReference; lastKnownFileType = sourcecode.swift; path = ObservableSamplePresenterTests.swift; sourceTree = "<group>"; };
/* End PBXFileReference section */

/* Begin PBXFrameworksBuildPhase section */
		E889FF0C2388F38200FEBC2D /* Frameworks */ = {
			isa = PBXFrameworksBuildPhase;
			buildActionMask = 2147483647;
			files = (
			);
			runOnlyForDeploymentPostprocessing = 0;
		};
		E889FF222388F38600FEBC2D /* Frameworks */ = {
			isa = PBXFrameworksBuildPhase;
			buildActionMask = 2147483647;
			files = (
			);
			runOnlyForDeploymentPostprocessing = 0;
		};
		E889FF2D2388F38600FEBC2D /* Frameworks */ = {
			isa = PBXFrameworksBuildPhase;
			buildActionMask = 2147483647;
			files = (
			);
			runOnlyForDeploymentPostprocessing = 0;
		};
/* End PBXFrameworksBuildPhase section */

/* Begin PBXGroup section */
		E889FF062388F38200FEBC2D = {
			isa = PBXGroup;
			children = (
				E889FF112388F38200FEBC2D /* swiftui-sample */,
				E889FF282388F38600FEBC2D /* swiftui-sampleTests */,
				E889FF332388F38600FEBC2D /* swiftui-sampleUITests */,
				E889FF102388F38200FEBC2D /* Products */,
			);
			sourceTree = "<group>";
		};
		E889FF102388F38200FEBC2D /* Products */ = {
			isa = PBXGroup;
			children = (
				E889FF0F2388F38200FEBC2D /* swiftui-sample.app */,
				E889FF252388F38600FEBC2D /* swiftui-sampleTests.xctest */,
				E889FF302388F38600FEBC2D /* swiftui-sampleUITests.xctest */,
			);
			name = Products;
			sourceTree = "<group>";
		};
		E889FF112388F38200FEBC2D /* swiftui-sample */ = {
			isa = PBXGroup;
			children = (
				E889FF122388F38200FEBC2D /* AppDelegate.swift */,
				E889FF142388F38200FEBC2D /* SceneDelegate.swift */,
				E8FA43ED23A710B500D79FB8 /* SampleListView.swift */,
				E8933B10239B570200343AD5 /* Model */,
				E8933B0F239B56F200343AD5 /* View */,
				E889FF182388F38500FEBC2D /* Assets.xcassets */,
				E889FF1D2388F38500FEBC2D /* LaunchScreen.storyboard */,
				E889FF202388F38500FEBC2D /* Info.plist */,
				E889FF1A2388F38500FEBC2D /* Preview Content */,
			);
			path = "swiftui-sample";
			sourceTree = "<group>";
		};
		E889FF1A2388F38500FEBC2D /* Preview Content */ = {
			isa = PBXGroup;
			children = (
				E889FF1B2388F38500FEBC2D /* Preview Assets.xcassets */,
			);
			path = "Preview Content";
			sourceTree = "<group>";
		};
		E889FF282388F38600FEBC2D /* swiftui-sampleTests */ = {
			isa = PBXGroup;
			children = (
				E8FA43FB23A7918700D79FB8 /* Presenter */,
				E8FA43FA23A7918400D79FB8 /* Model */,
				E889FF292388F38600FEBC2D /* swiftui_sampleTests.swift */,
				E889FF2B2388F38600FEBC2D /* Info.plist */,
			);
			path = "swiftui-sampleTests";
			sourceTree = "<group>";
		};
		E889FF332388F38600FEBC2D /* swiftui-sampleUITests */ = {
			isa = PBXGroup;
			children = (
				E889FF342388F38600FEBC2D /* swiftui_sampleUITests.swift */,
				E889FF362388F38600FEBC2D /* Info.plist */,
			);
			path = "swiftui-sampleUITests";
			sourceTree = "<group>";
		};
		E8933B0F239B56F200343AD5 /* View */ = {
			isa = PBXGroup;
			children = (
				E8F6C0D023A3015200260773 /* Presenter */,
				E8542C48238F4B0000CCE188 /* ZStackSample.swift */,
				E8542C4A238F4B7000CCE188 /* ListViewSample.swift */,
				E8933B0D239B40C400343AD5 /* ToggleSampleView.swift */,
				E8542C4C238F53A200CCE188 /* DetailView.swift */,
				E8FA43E623A6FC0F00D79FB8 /* ObservableSampleView.swift */,
				E842DB5F23B2E0880022FD06 /* StateSampleView.swift */,
			);
			path = View;
			sourceTree = "<group>";
		};
		E8933B10239B570200343AD5 /* Model */ = {
			isa = PBXGroup;
			children = (
				E8933B11239B572300343AD5 /* Detail.swift */,
				E8933B13239B574500343AD5 /* ToggleSampleModel.swift */,
				E8040BC0239B61BA00E4DABF /* DetailList.swift */,
				E8FA43E823A6FD5600D79FB8 /* ObservableModel.swift */,
			);
			path = Model;
			sourceTree = "<group>";
		};
		E8F6C0D023A3015200260773 /* Presenter */ = {
			isa = PBXGroup;
			children = (
				E8FA43F223A7905B00D79FB8 /* Impl */,
				E8F6C0D123A3016500260773 /* DetailPresenter.swift */,
				E8FA43F623A7910A00D79FB8 /* ObservableSamplePresenter.swift */,
			);
			path = Presenter;
			sourceTree = "<group>";
		};
		E8FA43F223A7905B00D79FB8 /* Impl */ = {
			isa = PBXGroup;
			children = (
				E8FA43F323A7907800D79FB8 /* DetailPresenterImpl.swift */,
				E8FA43F823A7915000D79FB8 /* ObservableSamplePresenterImpl.swift */,
			);
			path = Impl;
			sourceTree = "<group>";
		};
		E8FA43FA23A7918400D79FB8 /* Model */ = {
			isa = PBXGroup;
			children = (
				E8F6C0CE23A3010C00260773 /* DataTests.swift */,
				E8FA43EA23A6FE8700D79FB8 /* ObservableModelTests.swift */,
			);
			path = Model;
			sourceTree = "<group>";
		};
		E8FA43FB23A7918700D79FB8 /* Presenter */ = {
			isa = PBXGroup;
			children = (
				E8FA43FC23A791A900D79FB8 /* ObservableSamplePresenterTests.swift */,
			);
			path = Presenter;
			sourceTree = "<group>";
		};
/* End PBXGroup section */

/* Begin PBXNativeTarget section */
		E889FF0E2388F38200FEBC2D /* swiftui-sample */ = {
			isa = PBXNativeTarget;
			buildConfigurationList = E889FF392388F38600FEBC2D /* Build configuration list for PBXNativeTarget "swiftui-sample" */;
			buildPhases = (
				E889FF0B2388F38200FEBC2D /* Sources */,
				E889FF0C2388F38200FEBC2D /* Frameworks */,
				E889FF0D2388F38200FEBC2D /* Resources */,
			);
			buildRules = (
			);
			dependencies = (
			);
			name = "swiftui-sample";
			productName = "swiftui-sample";
			productReference = E889FF0F2388F38200FEBC2D /* swiftui-sample.app */;
			productType = "com.apple.product-type.application";
		};
		E889FF242388F38600FEBC2D /* swiftui-sampleTests */ = {
			isa = PBXNativeTarget;
			buildConfigurationList = E889FF3C2388F38600FEBC2D /* Build configuration list for PBXNativeTarget "swiftui-sampleTests" */;
			buildPhases = (
				E889FF212388F38600FEBC2D /* Sources */,
				E889FF222388F38600FEBC2D /* Frameworks */,
				E889FF232388F38600FEBC2D /* Resources */,
			);
			buildRules = (
			);
			dependencies = (
				E889FF272388F38600FEBC2D /* PBXTargetDependency */,
			);
			name = "swiftui-sampleTests";
			productName = "swiftui-sampleTests";
			productReference = E889FF252388F38600FEBC2D /* swiftui-sampleTests.xctest */;
			productType = "com.apple.product-type.bundle.unit-test";
		};
		E889FF2F2388F38600FEBC2D /* swiftui-sampleUITests */ = {
			isa = PBXNativeTarget;
			buildConfigurationList = E889FF3F2388F38600FEBC2D /* Build configuration list for PBXNativeTarget "swiftui-sampleUITests" */;
			buildPhases = (
				E889FF2C2388F38600FEBC2D /* Sources */,
				E889FF2D2388F38600FEBC2D /* Frameworks */,
				E889FF2E2388F38600FEBC2D /* Resources */,
			);
			buildRules = (
			);
			dependencies = (
				E889FF322388F38600FEBC2D /* PBXTargetDependency */,
			);
			name = "swiftui-sampleUITests";
			productName = "swiftui-sampleUITests";
			productReference = E889FF302388F38600FEBC2D /* swiftui-sampleUITests.xctest */;
			productType = "com.apple.product-type.bundle.ui-testing";
		};
/* End PBXNativeTarget section */

/* Begin PBXProject section */
		E889FF072388F38200FEBC2D /* Project object */ = {
			isa = PBXProject;
			attributes = {
				LastSwiftUpdateCheck = 1120;
				LastUpgradeCheck = 1120;
				ORGANIZATIONNAME = hiro;
				TargetAttributes = {
					E889FF0E2388F38200FEBC2D = {
						CreatedOnToolsVersion = 11.2.1;
					};
					E889FF242388F38600FEBC2D = {
						CreatedOnToolsVersion = 11.2.1;
						TestTargetID = E889FF0E2388F38200FEBC2D;
					};
					E889FF2F2388F38600FEBC2D = {
						CreatedOnToolsVersion = 11.2.1;
						TestTargetID = E889FF0E2388F38200FEBC2D;
					};
				};
			};
			buildConfigurationList = E889FF0A2388F38200FEBC2D /* Build configuration list for PBXProject "swiftui-sample" */;
			compatibilityVersion = "Xcode 9.3";
			developmentRegion = en;
			hasScannedForEncodings = 0;
			knownRegions = (
				en,
				Base,
			);
			mainGroup = E889FF062388F38200FEBC2D;
			productRefGroup = E889FF102388F38200FEBC2D /* Products */;
			projectDirPath = "";
			projectRoot = "";
			targets = (
				E889FF0E2388F38200FEBC2D /* swiftui-sample */,
				E889FF242388F38600FEBC2D /* swiftui-sampleTests */,
				E889FF2F2388F38600FEBC2D /* swiftui-sampleUITests */,
			);
		};
/* End PBXProject section */

/* Begin PBXResourcesBuildPhase section */
		E889FF0D2388F38200FEBC2D /* Resources */ = {
			isa = PBXResourcesBuildPhase;
			buildActionMask = 2147483647;
			files = (
				E889FF1F2388F38500FEBC2D /* LaunchScreen.storyboard in Resources */,
				E889FF1C2388F38500FEBC2D /* Preview Assets.xcassets in Resources */,
				E889FF192388F38500FEBC2D /* Assets.xcassets in Resources */,
			);
			runOnlyForDeploymentPostprocessing = 0;
		};
		E889FF232388F38600FEBC2D /* Resources */ = {
			isa = PBXResourcesBuildPhase;
			buildActionMask = 2147483647;
			files = (
			);
			runOnlyForDeploymentPostprocessing = 0;
		};
		E889FF2E2388F38600FEBC2D /* Resources */ = {
			isa = PBXResourcesBuildPhase;
			buildActionMask = 2147483647;
			files = (
			);
			runOnlyForDeploymentPostprocessing = 0;
		};
/* End PBXResourcesBuildPhase section */

/* Begin PBXSourcesBuildPhase section */
		E889FF0B2388F38200FEBC2D /* Sources */ = {
			isa = PBXSourcesBuildPhase;
			buildActionMask = 2147483647;
			files = (
				E889FF132388F38200FEBC2D /* AppDelegate.swift in Sources */,
				E8040BC1239B61BA00E4DABF /* DetailList.swift in Sources */,
				E8FA43E923A6FD5600D79FB8 /* ObservableModel.swift in Sources */,
				E8FA43E723A6FC0F00D79FB8 /* ObservableSampleView.swift in Sources */,
				E8933B0E239B40C400343AD5 /* ToggleSampleView.swift in Sources */,
				E8FA43F723A7910A00D79FB8 /* ObservableSamplePresenter.swift in Sources */,
				E8FA43F423A7907800D79FB8 /* DetailPresenterImpl.swift in Sources */,
				E8FA43F923A7915000D79FB8 /* ObservableSamplePresenterImpl.swift in Sources */,
				E8542C4D238F53A200CCE188 /* DetailView.swift in Sources */,
				E889FF152388F38200FEBC2D /* SceneDelegate.swift in Sources */,
				E8542C49238F4B0000CCE188 /* ZStackSample.swift in Sources */,
				E842DB6023B2E0880022FD06 /* StateSampleView.swift in Sources */,
				E8FA43EE23A710B500D79FB8 /* SampleListView.swift in Sources */,
				E8933B14239B574500343AD5 /* ToggleSampleModel.swift in Sources */,
				E8F6C0D223A3016500260773 /* DetailPresenter.swift in Sources */,
				E8542C4B238F4B7000CCE188 /* ListViewSample.swift in Sources */,
				E8933B12239B572300343AD5 /* Detail.swift in Sources */,
			);
			runOnlyForDeploymentPostprocessing = 0;
		};
		E889FF212388F38600FEBC2D /* Sources */ = {
			isa = PBXSourcesBuildPhase;
			buildActionMask = 2147483647;
			files = (
				E8FA43F523A790BB00D79FB8 /* DetailPresenterImpl.swift in Sources */,
				E889FF2A2388F38600FEBC2D /* swiftui_sampleTests.swift in Sources */,
				E8F6C0D323A31AF200260773 /* DetailView.swift in Sources */,
				E8F6C0D823A31B4800260773 /* Detail.swift in Sources */,
				E8FA43EB23A6FE8700D79FB8 /* ObservableModelTests.swift in Sources */,
				E8FA43FD23A791A900D79FB8 /* ObservableSamplePresenterTests.swift in Sources */,
				E8F6C0D623A31B3500260773 /* DetailList.swift in Sources */,
				E8FA43FF23A793B200D79FB8 /* ObservableSamplePresenterImpl.swift in Sources */,
				E8F6C0CF23A3010C00260773 /* DataTests.swift in Sources */,
				E8FA43FE23A793AB00D79FB8 /* ObservableSamplePresenter.swift in Sources */,
				E8FA43EC23A6FE9900D79FB8 /* ObservableModel.swift in Sources */,
				E8F6C0D423A31B1E00260773 /* DetailPresenter.swift in Sources */,
			);
			runOnlyForDeploymentPostprocessing = 0;
		};
		E889FF2C2388F38600FEBC2D /* Sources */ = {
			isa = PBXSourcesBuildPhase;
			buildActionMask = 2147483647;
			files = (
				E889FF352388F38600FEBC2D /* swiftui_sampleUITests.swift in Sources */,
			);
			runOnlyForDeploymentPostprocessing = 0;
		};
/* End PBXSourcesBuildPhase section */

/* Begin PBXTargetDependency section */
		E889FF272388F38600FEBC2D /* PBXTargetDependency */ = {
			isa = PBXTargetDependency;
			target = E889FF0E2388F38200FEBC2D /* swiftui-sample */;
			targetProxy = E889FF262388F38600FEBC2D /* PBXContainerItemProxy */;
		};
		E889FF322388F38600FEBC2D /* PBXTargetDependency */ = {
			isa = PBXTargetDependency;
			target = E889FF0E2388F38200FEBC2D /* swiftui-sample */;
			targetProxy = E889FF312388F38600FEBC2D /* PBXContainerItemProxy */;
		};
/* End PBXTargetDependency section */

/* Begin PBXVariantGroup section */
		E889FF1D2388F38500FEBC2D /* LaunchScreen.storyboard */ = {
			isa = PBXVariantGroup;
			children = (
				E889FF1E2388F38500FEBC2D /* Base */,
			);
			name = LaunchScreen.storyboard;
			sourceTree = "<group>";
		};
/* End PBXVariantGroup section */

/* Begin XCBuildConfiguration section */
		E889FF372388F38600FEBC2D /* Debug */ = {
			isa = XCBuildConfiguration;
			buildSettings = {
				ALWAYS_SEARCH_USER_PATHS = NO;
				CLANG_ANALYZER_NONNULL = YES;
				CLANG_ANALYZER_NUMBER_OBJECT_CONVERSION = YES_AGGRESSIVE;
				CLANG_CXX_LANGUAGE_STANDARD = "gnu++14";
				CLANG_CXX_LIBRARY = "libc++";
				CLANG_ENABLE_MODULES = YES;
				CLANG_ENABLE_OBJC_ARC = YES;
				CLANG_ENABLE_OBJC_WEAK = YES;
				CLANG_WARN_BLOCK_CAPTURE_AUTORELEASING = YES;
				CLANG_WARN_BOOL_CONVERSION = YES;
				CLANG_WARN_COMMA = YES;
				CLANG_WARN_CONSTANT_CONVERSION = YES;
				CLANG_WARN_DEPRECATED_OBJC_IMPLEMENTATIONS = YES;
				CLANG_WARN_DIRECT_OBJC_ISA_USAGE = YES_ERROR;
				CLANG_WARN_DOCUMENTATION_COMMENTS = YES;
				CLANG_WARN_EMPTY_BODY = YES;
				CLANG_WARN_ENUM_CONVERSION = YES;
				CLANG_WARN_INFINITE_RECURSION = YES;
				CLANG_WARN_INT_CONVERSION = YES;
				CLANG_WARN_NON_LITERAL_NULL_CONVERSION = YES;
				CLANG_WARN_OBJC_IMPLICIT_RETAIN_SELF = YES;
				CLANG_WARN_OBJC_LITERAL_CONVERSION = YES;
				CLANG_WARN_OBJC_ROOT_CLASS = YES_ERROR;
				CLANG_WARN_RANGE_LOOP_ANALYSIS = YES;
				CLANG_WARN_STRICT_PROTOTYPES = YES;
				CLANG_WARN_SUSPICIOUS_MOVE = YES;
				CLANG_WARN_UNGUARDED_AVAILABILITY = YES_AGGRESSIVE;
				CLANG_WARN_UNREACHABLE_CODE = YES;
				CLANG_WARN__DUPLICATE_METHOD_MATCH = YES;
				COPY_PHASE_STRIP = NO;
				DEBUG_INFORMATION_FORMAT = dwarf;
				ENABLE_STRICT_OBJC_MSGSEND = YES;
				ENABLE_TESTABILITY = YES;
				GCC_C_LANGUAGE_STANDARD = gnu11;
				GCC_DYNAMIC_NO_PIC = NO;
				GCC_NO_COMMON_BLOCKS = YES;
				GCC_OPTIMIZATION_LEVEL = 0;
				GCC_PREPROCESSOR_DEFINITIONS = (
					"DEBUG=1",
					"$(inherited)",
				);
				GCC_WARN_64_TO_32_BIT_CONVERSION = YES;
				GCC_WARN_ABOUT_RETURN_TYPE = YES_ERROR;
				GCC_WARN_UNDECLARED_SELECTOR = YES;
				GCC_WARN_UNINITIALIZED_AUTOS = YES_AGGRESSIVE;
				GCC_WARN_UNUSED_FUNCTION = YES;
				GCC_WARN_UNUSED_VARIABLE = YES;
				IPHONEOS_DEPLOYMENT_TARGET = 13.2;
				MTL_ENABLE_DEBUG_INFO = INCLUDE_SOURCE;
				MTL_FAST_MATH = YES;
				ONLY_ACTIVE_ARCH = YES;
				SDKROOT = iphoneos;
				SWIFT_ACTIVE_COMPILATION_CONDITIONS = DEBUG;
				SWIFT_OPTIMIZATION_LEVEL = "-Onone";
			};
			name = Debug;
		};
		E889FF382388F38600FEBC2D /* Release */ = {
			isa = XCBuildConfiguration;
			buildSettings = {
				ALWAYS_SEARCH_USER_PATHS = NO;
				CLANG_ANALYZER_NONNULL = YES;
				CLANG_ANALYZER_NUMBER_OBJECT_CONVERSION = YES_AGGRESSIVE;
				CLANG_CXX_LANGUAGE_STANDARD = "gnu++14";
				CLANG_CXX_LIBRARY = "libc++";
				CLANG_ENABLE_MODULES = YES;
				CLANG_ENABLE_OBJC_ARC = YES;
				CLANG_ENABLE_OBJC_WEAK = YES;
				CLANG_WARN_BLOCK_CAPTURE_AUTORELEASING = YES;
				CLANG_WARN_BOOL_CONVERSION = YES;
				CLANG_WARN_COMMA = YES;
				CLANG_WARN_CONSTANT_CONVERSION = YES;
				CLANG_WARN_DEPRECATED_OBJC_IMPLEMENTATIONS = YES;
				CLANG_WARN_DIRECT_OBJC_ISA_USAGE = YES_ERROR;
				CLANG_WARN_DOCUMENTATION_COMMENTS = YES;
				CLANG_WARN_EMPTY_BODY = YES;
				CLANG_WARN_ENUM_CONVERSION = YES;
				CLANG_WARN_INFINITE_RECURSION = YES;
				CLANG_WARN_INT_CONVERSION = YES;
				CLANG_WARN_NON_LITERAL_NULL_CONVERSION = YES;
				CLANG_WARN_OBJC_IMPLICIT_RETAIN_SELF = YES;
				CLANG_WARN_OBJC_LITERAL_CONVERSION = YES;
				CLANG_WARN_OBJC_ROOT_CLASS = YES_ERROR;
				CLANG_WARN_RANGE_LOOP_ANALYSIS = YES;
				CLANG_WARN_STRICT_PROTOTYPES = YES;
				CLANG_WARN_SUSPICIOUS_MOVE = YES;
				CLANG_WARN_UNGUARDED_AVAILABILITY = YES_AGGRESSIVE;
				CLANG_WARN_UNREACHABLE_CODE = YES;
				CLANG_WARN__DUPLICATE_METHOD_MATCH = YES;
				COPY_PHASE_STRIP = NO;
				DEBUG_INFORMATION_FORMAT = "dwarf-with-dsym";
				ENABLE_NS_ASSERTIONS = NO;
				ENABLE_STRICT_OBJC_MSGSEND = YES;
				GCC_C_LANGUAGE_STANDARD = gnu11;
				GCC_NO_COMMON_BLOCKS = YES;
				GCC_WARN_64_TO_32_BIT_CONVERSION = YES;
				GCC_WARN_ABOUT_RETURN_TYPE = YES_ERROR;
				GCC_WARN_UNDECLARED_SELECTOR = YES;
				GCC_WARN_UNINITIALIZED_AUTOS = YES_AGGRESSIVE;
				GCC_WARN_UNUSED_FUNCTION = YES;
				GCC_WARN_UNUSED_VARIABLE = YES;
				IPHONEOS_DEPLOYMENT_TARGET = 13.2;
				MTL_ENABLE_DEBUG_INFO = NO;
				MTL_FAST_MATH = YES;
				SDKROOT = iphoneos;
				SWIFT_COMPILATION_MODE = wholemodule;
				SWIFT_OPTIMIZATION_LEVEL = "-O";
				VALIDATE_PRODUCT = YES;
			};
			name = Release;
		};
		E889FF3A2388F38600FEBC2D /* Debug */ = {
			isa = XCBuildConfiguration;
			buildSettings = {
				ASSETCATALOG_COMPILER_APPICON_NAME = AppIcon;
				CODE_SIGN_STYLE = Automatic;
				DEVELOPMENT_ASSET_PATHS = "\"swiftui-sample/Preview Content\"";
				DEVELOPMENT_TEAM = 5V5JNQM6P4;
				ENABLE_PREVIEWS = YES;
				INFOPLIST_FILE = "swiftui-sample/Info.plist";
				LD_RUNPATH_SEARCH_PATHS = (
					"$(inherited)",
					"@executable_path/Frameworks",
				);
				PRODUCT_BUNDLE_IDENTIFIER = "com.example.hiro.swiftui-sample";
				PRODUCT_NAME = "$(TARGET_NAME)";
				SWIFT_VERSION = 5.0;
				TARGETED_DEVICE_FAMILY = "1,2";
			};
			name = Debug;
		};
		E889FF3B2388F38600FEBC2D /* Release */ = {
			isa = XCBuildConfiguration;
			buildSettings = {
				ASSETCATALOG_COMPILER_APPICON_NAME = AppIcon;
				CODE_SIGN_STYLE = Automatic;
				DEVELOPMENT_ASSET_PATHS = "\"swiftui-sample/Preview Content\"";
				DEVELOPMENT_TEAM = 5V5JNQM6P4;
				ENABLE_PREVIEWS = YES;
				INFOPLIST_FILE = "swiftui-sample/Info.plist";
				LD_RUNPATH_SEARCH_PATHS = (
					"$(inherited)",
					"@executable_path/Frameworks",
				);
				PRODUCT_BUNDLE_IDENTIFIER = "com.example.hiro.swiftui-sample";
				PRODUCT_NAME = "$(TARGET_NAME)";
				SWIFT_VERSION = 5.0;
				TARGETED_DEVICE_FAMILY = "1,2";
			};
			name = Release;
		};
		E889FF3D2388F38600FEBC2D /* Debug */ = {
			isa = XCBuildConfiguration;
			buildSettings = {
				ALWAYS_EMBED_SWIFT_STANDARD_LIBRARIES = YES;
				BUNDLE_LOADER = "$(TEST_HOST)";
				CODE_SIGN_STYLE = Automatic;
				DEVELOPMENT_TEAM = 5V5JNQM6P4;
				INFOPLIST_FILE = "swiftui-sampleTests/Info.plist";
				IPHONEOS_DEPLOYMENT_TARGET = 13.2;
				LD_RUNPATH_SEARCH_PATHS = (
					"$(inherited)",
					"@executable_path/Frameworks",
					"@loader_path/Frameworks",
				);
				PRODUCT_BUNDLE_IDENTIFIER = "com.example.hiro.swiftui-sampleTests";
				PRODUCT_NAME = "$(TARGET_NAME)";
				SWIFT_VERSION = 5.0;
				TARGETED_DEVICE_FAMILY = "1,2";
				TEST_HOST = "$(BUILT_PRODUCTS_DIR)/swiftui-sample.app/swiftui-sample";
			};
			name = Debug;
		};
		E889FF3E2388F38600FEBC2D /* Release */ = {
			isa = XCBuildConfiguration;
			buildSettings = {
				ALWAYS_EMBED_SWIFT_STANDARD_LIBRARIES = YES;
				BUNDLE_LOADER = "$(TEST_HOST)";
				CODE_SIGN_STYLE = Automatic;
				DEVELOPMENT_TEAM = 5V5JNQM6P4;
				INFOPLIST_FILE = "swiftui-sampleTests/Info.plist";
				IPHONEOS_DEPLOYMENT_TARGET = 13.2;
				LD_RUNPATH_SEARCH_PATHS = (
					"$(inherited)",
					"@executable_path/Frameworks",
					"@loader_path/Frameworks",
				);
				PRODUCT_BUNDLE_IDENTIFIER = "com.example.hiro.swiftui-sampleTests";
				PRODUCT_NAME = "$(TARGET_NAME)";
				SWIFT_VERSION = 5.0;
				TARGETED_DEVICE_FAMILY = "1,2";
				TEST_HOST = "$(BUILT_PRODUCTS_DIR)/swiftui-sample.app/swiftui-sample";
			};
			name = Release;
		};
		E889FF402388F38600FEBC2D /* Debug */ = {
			isa = XCBuildConfiguration;
			buildSettings = {
				ALWAYS_EMBED_SWIFT_STANDARD_LIBRARIES = YES;
				CODE_SIGN_STYLE = Automatic;
				DEVELOPMENT_TEAM = 5V5JNQM6P4;
				INFOPLIST_FILE = "swiftui-sampleUITests/Info.plist";
				LD_RUNPATH_SEARCH_PATHS = (
					"$(inherited)",
					"@executable_path/Frameworks",
					"@loader_path/Frameworks",
				);
				PRODUCT_BUNDLE_IDENTIFIER = "com.example.hiro.swiftui-sampleUITests";
				PRODUCT_NAME = "$(TARGET_NAME)";
				SWIFT_VERSION = 5.0;
				TARGETED_DEVICE_FAMILY = "1,2";
				TEST_TARGET_NAME = "swiftui-sample";
			};
			name = Debug;
		};
		E889FF412388F38600FEBC2D /* Release */ = {
			isa = XCBuildConfiguration;
			buildSettings = {
				ALWAYS_EMBED_SWIFT_STANDARD_LIBRARIES = YES;
				CODE_SIGN_STYLE = Automatic;
				DEVELOPMENT_TEAM = 5V5JNQM6P4;
				INFOPLIST_FILE = "swiftui-sampleUITests/Info.plist";
				LD_RUNPATH_SEARCH_PATHS = (
					"$(inherited)",
					"@executable_path/Frameworks",
					"@loader_path/Frameworks",
				);
				PRODUCT_BUNDLE_IDENTIFIER = "com.example.hiro.swiftui-sampleUITests";
				PRODUCT_NAME = "$(TARGET_NAME)";
				SWIFT_VERSION = 5.0;
				TARGETED_DEVICE_FAMILY = "1,2";
				TEST_TARGET_NAME = "swiftui-sample";
			};
			name = Release;
		};
/* End XCBuildConfiguration section */

/* Begin XCConfigurationList section */
		E889FF0A2388F38200FEBC2D /* Build configuration list for PBXProject "swiftui-sample" */ = {
			isa = XCConfigurationList;
			buildConfigurations = (
				E889FF372388F38600FEBC2D /* Debug */,
				E889FF382388F38600FEBC2D /* Release */,
			);
			defaultConfigurationIsVisible = 0;
			defaultConfigurationName = Release;
		};
		E889FF392388F38600FEBC2D /* Build configuration list for PBXNativeTarget "swiftui-sample" */ = {
			isa = XCConfigurationList;
			buildConfigurations = (
				E889FF3A2388F38600FEBC2D /* Debug */,
				E889FF3B2388F38600FEBC2D /* Release */,
			);
			defaultConfigurationIsVisible = 0;
			defaultConfigurationName = Release;
		};
		E889FF3C2388F38600FEBC2D /* Build configuration list for PBXNativeTarget "swiftui-sampleTests" */ = {
			isa = XCConfigurationList;
			buildConfigurations = (
				E889FF3D2388F38600FEBC2D /* Debug */,
				E889FF3E2388F38600FEBC2D /* Release */,
			);
			defaultConfigurationIsVisible = 0;
			defaultConfigurationName = Release;
		};
		E889FF3F2388F38600FEBC2D /* Build configuration list for PBXNativeTarget "swiftui-sampleUITests" */ = {
			isa = XCConfigurationList;
			buildConfigurations = (
				E889FF402388F38600FEBC2D /* Debug */,
				E889FF412388F38600FEBC2D /* Release */,
			);
			defaultConfigurationIsVisible = 0;
			defaultConfigurationName = Release;
		};
/* End XCConfigurationList section */
	};
	rootObject = E889FF072388F38200FEBC2D /* Project object */;
}
